
Microsoft Visual Studio Solution File, Format Version 12.00
# Visual Studio Version 17
VisualStudioVersion = 17.0.32112.339
MinimumVisualStudioVersion = 10.0.40219.1
Project("{2150E333-8FDC-42A3-9474-1A3956D46DE8}") = "src", "src", "{30442011-98B4-4C2B-A562-9442AD9A9A45}"
EndProject
Project("{2150E333-8FDC-42A3-9474-1A3956D46DE8}") = "tests", "tests", "{311FEBF5-3E5C-421D-AF4F-9913F87F7E1A}"
EndProject
Project("{9A19103F-16F7-4668-BE54-9A1E7A4F7556}") = "BookStore.Entities", "BookStore.Entities\BookStore.Entities.csproj", "{5BA743E7-9EB9-4951-BB3F-6F926E8417B7}"
EndProject
Project("{9A19103F-16F7-4668-BE54-9A1E7A4F7556}") = "BookStore.Migrations", "BookStore.Migrations\BookStore.Migrations.csproj", "{91BED422-A1C5-4A68-BADE-519F67D32424}"
EndProject
Project("{9A19103F-16F7-4668-BE54-9A1E7A4F7556}") = "BookStore.Infrastructure", "BookStore.Infrastructure\BookStore.Infrastructure.csproj", "{913E20C2-DD51-4FBC-9A29-568D8FABC4FB}"
EndProject
Project("{9A19103F-16F7-4668-BE54-9A1E7A4F7556}") = "BookStore.Persistence.EF", "BookStore.Persistence.EF\BookStore.Persistence.EF.csproj", "{F8D3CBB9-2505-412B-B08A-FFC8D0D98BA7}"
EndProject
Project("{9A19103F-16F7-4668-BE54-9A1E7A4F7556}") = "BookStore.Services", "BookStore.Services\BookStore.Services.csproj", "{28F2D3AE-3BBD-437B-9CAC-E53BDEA532C7}"
EndProject
Project("{9A19103F-16F7-4668-BE54-9A1E7A4F7556}") = "BookStore.RestAPI", "BookStore.RestAPI\BookStore.RestAPI.csproj", "{9EFB3AD8-E2B8-42D9-A8A8-686A554BBDFA}"
EndProject
Project("{9A19103F-16F7-4668-BE54-9A1E7A4F7556}") = "BookStore.Services.Test.Unit", "BookStore.Services.Test.Unit\BookStore.Services.Test.Unit.csproj", "{893411EC-F189-4A78-865A-F8599A4A98D2}"
EndProject
Project("{FAE04EC0-301F-11D3-BF4B-00C04F79EFBC}") = "BookStore.Test.Tools", "BookStore.Test.Tools\BookStore.Test.Tools.csproj", "{225574CA-2A81-4A63-BCAF-7D2A9F28C461}"
EndProject
Global
	GlobalSection(SolutionConfigurationPlatforms) = preSolution
		Debug|Any CPU = Debug|Any CPU
		Release|Any CPU = Release|Any CPU
	EndGlobalSection
	GlobalSection(ProjectConfigurationPlatforms) = postSolution
		{5BA743E7-9EB9-4951-BB3F-6F926E8417B7}.Debug|Any CPU.ActiveCfg = Debug|Any CPU
		{5BA743E7-9EB9-4951-BB3F-6F926E8417B7}.Debug|Any CPU.Build.0 = Debug|Any CPU
		{5BA743E7-9EB9-4951-BB3F-6F926E8417B7}.Release|Any CPU.ActiveCfg = Release|Any CPU
		{5BA743E7-9EB9-4951-BB3F-6F926E8417B7}.Release|Any CPU.Build.0 = Release|Any CPU
		{91BED422-A1C5-4A68-BADE-519F67D32424}.Debug|Any CPU.ActiveCfg = Debug|Any CPU
		{91BED422-A1C5-4A68-BADE-519F67D32424}.Debug|Any CPU.Build.0 = Debug|Any CPU
		{91BED422-A1C5-4A68-BADE-519F67D32424}.Release|Any CPU.ActiveCfg = Release|Any CPU
		{91BED422-A1C5-4A68-BADE-519F67D32424}.Release|Any CPU.Build.0 = Release|Any CPU
		{913E20C2-DD51-4FBC-9A29-568D8FABC4FB}.Debug|Any CPU.ActiveCfg = Debug|Any CPU
		{913E20C2-DD51-4FBC-9A29-568D8FABC4FB}.Debug|Any CPU.Build.0 = Debug|Any CPU
		{913E20C2-DD51-4FBC-9A29-568D8FABC4FB}.Release|Any CPU.ActiveCfg = Release|Any CPU
		{913E20C2-DD51-4FBC-9A29-568D8FABC4FB}.Release|Any CPU.Build.0 = Release|Any CPU
		{F8D3CBB9-2505-412B-B08A-FFC8D0D98BA7}.Debug|Any CPU.ActiveCfg = Debug|Any CPU
		{F8D3CBB9-2505-412B-B08A-FFC8D0D98BA7}.Debug|Any CPU.Build.0 = Debug|Any CPU
		{F8D3CBB9-2505-412B-B08A-FFC8D0D98BA7}.Release|Any CPU.ActiveCfg = Release|Any CPU
		{F8D3CBB9-2505-412B-B08A-FFC8D0D98BA7}.Release|Any CPU.Build.0 = Release|Any CPU
		{28F2D3AE-3BBD-437B-9CAC-E53BDEA532C7}.Debug|Any CPU.ActiveCfg = Debug|Any CPU
		{28F2D3AE-3BBD-437B-9CAC-E53BDEA532C7}.Debug|Any CPU.Build.0 = Debug|Any CPU
		{28F2D3AE-3BBD-437B-9CAC-E53BDEA532C7}.Release|Any CPU.ActiveCfg = Release|Any CPU
		{28F2D3AE-3BBD-437B-9CAC-E53BDEA532C7}.Release|Any CPU.Build.0 = Release|Any CPU
		{9EFB3AD8-E2B8-42D9-A8A8-686A554BBDFA}.Debug|Any CPU.ActiveCfg = Debug|Any CPU
		{9EFB3AD8-E2B8-42D9-A8A8-686A554BBDFA}.Debug|Any CPU.Build.0 = Debug|Any CPU
		{9EFB3AD8-E2B8-42D9-A8A8-686A554BBDFA}.Release|Any CPU.ActiveCfg = Release|Any CPU
		{9EFB3AD8-E2B8-42D9-A8A8-686A554BBDFA}.Release|Any CPU.Build.0 = Release|Any CPU
		{893411EC-F189-4A78-865A-F8599A4A98D2}.Debug|Any CPU.ActiveCfg = Debug|Any CPU
		{893411EC-F189-4A78-865A-F8599A4A98D2}.Debug|Any CPU.Build.0 = Debug|Any CPU
		{893411EC-F189-4A78-865A-F8599A4A98D2}.Release|Any CPU.ActiveCfg = Release|Any CPU
		{893411EC-F189-4A78-865A-F8599A4A98D2}.Release|Any CPU.Build.0 = Release|Any CPU
		{225574CA-2A81-4A63-BCAF-7D2A9F28C461}.Debug|Any CPU.ActiveCfg = Debug|Any CPU
		{225574CA-2A81-4A63-BCAF-7D2A9F28C461}.Debug|Any CPU.Build.0 = Debug|Any CPU
		{225574CA-2A81-4A63-BCAF-7D2A9F28C461}.Release|Any CPU.ActiveCfg = Release|Any CPU
		{225574CA-2A81-4A63-BCAF-7D2A9F28C461}.Release|Any CPU.Build.0 = Release|Any CPU
	EndGlobalSection
	GlobalSection(SolutionProperties) = preSolution
		HideSolutionNode = FALSE
	EndGlobalSection
	GlobalSection(NestedProjects) = preSolution
		{5BA743E7-9EB9-4951-BB3F-6F926E8417B7} = {30442011-98B4-4C2B-A562-9442AD9A9A45}
		{91BED422-A1C5-4A68-BADE-519F67D32424} = {30442011-98B4-4C2B-A562-9442AD9A9A45}
		{913E20C2-DD51-4FBC-9A29-568D8FABC4FB} = {30442011-98B4-4C2B-A562-9442AD9A9A45}
		{F8D3CBB9-2505-412B-B08A-FFC8D0D98BA7} = {30442011-98B4-4C2B-A562-9442AD9A9A45}
		{28F2D3AE-3BBD-437B-9CAC-E53BDEA532C7} = {30442011-98B4-4C2B-A562-9442AD9A9A45}
		{9EFB3AD8-E2B8-42D9-A8A8-686A554BBDFA} = {30442011-98B4-4C2B-A562-9442AD9A9A45}
		{893411EC-F189-4A78-865A-F8599A4A98D2} = {311FEBF5-3E5C-421D-AF4F-9913F87F7E1A}
		{225574CA-2A81-4A63-BCAF-7D2A9F28C461} = {311FEBF5-3E5C-421D-AF4F-9913F87F7E1A}
	EndGlobalSection
	GlobalSection(ExtensibilityGlobals) = postSolution
		SolutionGuid = {E34AB227-A734-48C1-8B5A-F48DBE73BC7C}
	EndGlobalSection
EndGlobal
